
Microsoft Visual Studio Solution File, Format Version 12.00
# Visual Studio Version 17
VisualStudioVersion = 17.10.34916.146
MinimumVisualStudioVersion = 10.0.40219.1
Project("{FAE04EC0-301F-11D3-BF4B-00C04F79EFBC}") = "01.CountCharsInAString", "01.CountCharsInAString\01.CountCharsInAString.csproj", "{6F0326A8-DCCD-44A9-B4E1-E1A033209DD9}"
EndProject
Global
	GlobalSection(SolutionConfigurationPlatforms) = preSolution
		Debug|Any CPU = Debug|Any CPU
		Release|Any CPU = Release|Any CPU
	EndGlobalSection
	GlobalSection(ProjectConfigurationPlatforms) = postSolution
		{6F0326A8-DCCD-44A9-B4E1-E1A033209DD9}.Debug|Any CPU.ActiveCfg = Debug|Any CPU
		{6F0326A8-DCCD-44A9-B4E1-E1A033209DD9}.Debug|Any CPU.Build.0 = Debug|Any CPU
		{6F0326A8-DCCD-44A9-B4E1-E1A033209DD9}.Release|Any CPU.ActiveCfg = Release|Any CPU
		{6F0326A8-DCCD-44A9-B4E1-E1A033209DD9}.Release|Any CPU.Build.0 = Release|Any CPU
	EndGlobalSection
	GlobalSection(SolutionProperties) = preSolution
		HideSolutionNode = FALSE
	EndGlobalSection
	GlobalSection(ExtensibilityGlobals) = postSolution
		SolutionGuid = {C480AFD3-91D1-4793-94DE-E2A797237E30}
	EndGlobalSection
EndGlobal
